
Microsoft Visual Studio Solution File, Format Version 12.00
# Visual Studio Version 16
VisualStudioVersion = 16.0.30309.148
MinimumVisualStudioVersion = 10.0.40219.1
Project("{FAE04EC0-301F-11D3-BF4B-00C04F79EFBC}") = "WMS_Project", "WMS_Project\WMS_Project.csproj", "{18EE1728-4F95-40F8-869B-C1D02078337F}"
EndProject
Project("{FAE04EC0-301F-11D3-BF4B-00C04F79EFBC}") = "WMS_Business", "WMS_Business\WMS_Business.csproj", "{F2BD1B0C-2A5A-419A-A567-D8056E00D948}"
EndProject
Project("{FAE04EC0-301F-11D3-BF4B-00C04F79EFBC}") = "WMS_DataAccess", "WMS_DataAccess\WMS_DataAccess.csproj", "{6A736806-E8BC-4B71-873E-43838607657B}"
EndProject
Project("{FAE04EC0-301F-11D3-BF4B-00C04F79EFBC}") = "WMS_Models", "WMS_Models\WMS_Models.csproj", "{7F5AB75B-5738-4DB1-BC9E-2DD59F485C02}"
EndProject
Global
	GlobalSection(SolutionConfigurationPlatforms) = preSolution
		Debug|Any CPU = Debug|Any CPU
		Release|Any CPU = Release|Any CPU
	EndGlobalSection
	GlobalSection(ProjectConfigurationPlatforms) = postSolution
		{18EE1728-4F95-40F8-869B-C1D02078337F}.Debug|Any CPU.ActiveCfg = Debug|Any CPU
		{18EE1728-4F95-40F8-869B-C1D02078337F}.Debug|Any CPU.Build.0 = Debug|Any CPU
		{18EE1728-4F95-40F8-869B-C1D02078337F}.Release|Any CPU.ActiveCfg = Release|Any CPU
		{18EE1728-4F95-40F8-869B-C1D02078337F}.Release|Any CPU.Build.0 = Release|Any CPU
		{F2BD1B0C-2A5A-419A-A567-D8056E00D948}.Debug|Any CPU.ActiveCfg = Debug|Any CPU
		{F2BD1B0C-2A5A-419A-A567-D8056E00D948}.Debug|Any CPU.Build.0 = Debug|Any CPU
		{F2BD1B0C-2A5A-419A-A567-D8056E00D948}.Release|Any CPU.ActiveCfg = Release|Any CPU
		{F2BD1B0C-2A5A-419A-A567-D8056E00D948}.Release|Any CPU.Build.0 = Release|Any CPU
		{6A736806-E8BC-4B71-873E-43838607657B}.Debug|Any CPU.ActiveCfg = Debug|Any CPU
		{6A736806-E8BC-4B71-873E-43838607657B}.Debug|Any CPU.Build.0 = Debug|Any CPU
		{6A736806-E8BC-4B71-873E-43838607657B}.Release|Any CPU.ActiveCfg = Release|Any CPU
		{6A736806-E8BC-4B71-873E-43838607657B}.Release|Any CPU.Build.0 = Release|Any CPU
		{7F5AB75B-5738-4DB1-BC9E-2DD59F485C02}.Debug|Any CPU.ActiveCfg = Debug|Any CPU
		{7F5AB75B-5738-4DB1-BC9E-2DD59F485C02}.Debug|Any CPU.Build.0 = Debug|Any CPU
		{7F5AB75B-5738-4DB1-BC9E-2DD59F485C02}.Release|Any CPU.ActiveCfg = Release|Any CPU
		{7F5AB75B-5738-4DB1-BC9E-2DD59F485C02}.Release|Any CPU.Build.0 = Release|Any CPU
	EndGlobalSection
	GlobalSection(SolutionProperties) = preSolution
		HideSolutionNode = FALSE
	EndGlobalSection
	GlobalSection(ExtensibilityGlobals) = postSolution
		SolutionGuid = {917A1E8F-643C-48EA-AE50-1AECE6B3575F}
	EndGlobalSection
EndGlobal
